
Microsoft Visual Studio Solution File, Format Version 12.00
# Visual Studio Version 17
VisualStudioVersion = 17.5.33627.172
MinimumVisualStudioVersion = 10.0.40219.1
Project("{9A19103F-16F7-4668-BE54-9A1E7A4F7556}") = "ProductManagerDatabase", "ProductManagerDatabase\ProductManagerDatabase.csproj", "{C2B470BC-AD51-4712-83FC-3408B258B53B}"
EndProject
Project("{9A19103F-16F7-4668-BE54-9A1E7A4F7556}") = "ProductManagerUi", "ProductManagerUi\ProductManagerUi.csproj", "{7AA688A8-4CB0-4DD1-BCDF-19DC3621DEB3}"
EndProject
Global
	GlobalSection(SolutionConfigurationPlatforms) = preSolution
		Debug|Any CPU = Debug|Any CPU
		Release|Any CPU = Release|Any CPU
	EndGlobalSection
	GlobalSection(ProjectConfigurationPlatforms) = postSolution
		{C2B470BC-AD51-4712-83FC-3408B258B53B}.Debug|Any CPU.ActiveCfg = Debug|Any CPU
		{C2B470BC-AD51-4712-83FC-3408B258B53B}.Debug|Any CPU.Build.0 = Debug|Any CPU
		{C2B470BC-AD51-4712-83FC-3408B258B53B}.Release|Any CPU.ActiveCfg = Release|Any CPU
		{C2B470BC-AD51-4712-83FC-3408B258B53B}.Release|Any CPU.Build.0 = Release|Any CPU
		{7AA688A8-4CB0-4DD1-BCDF-19DC3621DEB3}.Debug|Any CPU.ActiveCfg = Debug|Any CPU
		{7AA688A8-4CB0-4DD1-BCDF-19DC3621DEB3}.Debug|Any CPU.Build.0 = Debug|Any CPU
		{7AA688A8-4CB0-4DD1-BCDF-19DC3621DEB3}.Release|Any CPU.ActiveCfg = Release|Any CPU
		{7AA688A8-4CB0-4DD1-BCDF-19DC3621DEB3}.Release|Any CPU.Build.0 = Release|Any CPU
	EndGlobalSection
	GlobalSection(SolutionProperties) = preSolution
		HideSolutionNode = FALSE
	EndGlobalSection
	GlobalSection(ExtensibilityGlobals) = postSolution
		SolutionGuid = {FE0CEE08-2A08-4654-B171-B3984A6209E3}
	EndGlobalSection
EndGlobal
